
Microsoft Visual Studio Solution File, Format Version 12.00
# Visual Studio 2012
Project("{2150E333-8FDC-42A3-9474-1A3956D46DE8}") = "Solution Items", "Solution Items", "{7EA26665-7EBA-432C-82B3-4DE3278B2E83}"
	ProjectSection(SolutionItems) = preProject
		SolutionInfo.cs = SolutionInfo.cs
		VersionInfo.cs = VersionInfo.cs
	EndProjectSection
EndProject
Project("{FAE04EC0-301F-11D3-BF4B-00C04F79EFBC}") = "Inceptum.Cqrs", "Inceptum.Cqrs\Inceptum.Cqrs.csproj", "{7CC821BB-5EC7-4170-AC45-236900D48514}"
EndProject
Project("{FAE04EC0-301F-11D3-BF4B-00C04F79EFBC}") = "Inceptum.Cqrs.Tests", "Inceptum.Cqrs.Tests\Inceptum.Cqrs.Tests.csproj", "{5FA73068-B2C7-4C93-9595-CEF1EC3DDC8C}"
EndProject
Project("{FAE04EC0-301F-11D3-BF4B-00C04F79EFBC}") = "Inceptum.Cqrs.EventStore", "Inceptum.Cqrs.EventStore\Inceptum.Cqrs.EventStore.csproj", "{E5635040-349D-42D0-8A04-8910DAC2CA59}"
EndProject
Global
	GlobalSection(SolutionConfigurationPlatforms) = preSolution
		Debug|Any CPU = Debug|Any CPU
		Release|Any CPU = Release|Any CPU
	EndGlobalSection
	GlobalSection(ProjectConfigurationPlatforms) = postSolution
		{7CC821BB-5EC7-4170-AC45-236900D48514}.Debug|Any CPU.ActiveCfg = Debug|Any CPU
		{7CC821BB-5EC7-4170-AC45-236900D48514}.Debug|Any CPU.Build.0 = Debug|Any CPU
		{7CC821BB-5EC7-4170-AC45-236900D48514}.Release|Any CPU.ActiveCfg = Release|Any CPU
		{7CC821BB-5EC7-4170-AC45-236900D48514}.Release|Any CPU.Build.0 = Release|Any CPU
		{5FA73068-B2C7-4C93-9595-CEF1EC3DDC8C}.Debug|Any CPU.ActiveCfg = Debug|Any CPU
		{5FA73068-B2C7-4C93-9595-CEF1EC3DDC8C}.Debug|Any CPU.Build.0 = Debug|Any CPU
		{5FA73068-B2C7-4C93-9595-CEF1EC3DDC8C}.Release|Any CPU.ActiveCfg = Release|Any CPU
		{5FA73068-B2C7-4C93-9595-CEF1EC3DDC8C}.Release|Any CPU.Build.0 = Release|Any CPU
		{E5635040-349D-42D0-8A04-8910DAC2CA59}.Debug|Any CPU.ActiveCfg = Debug|Any CPU
		{E5635040-349D-42D0-8A04-8910DAC2CA59}.Debug|Any CPU.Build.0 = Debug|Any CPU
		{E5635040-349D-42D0-8A04-8910DAC2CA59}.Release|Any CPU.ActiveCfg = Release|Any CPU
		{E5635040-349D-42D0-8A04-8910DAC2CA59}.Release|Any CPU.Build.0 = Release|Any CPU
	EndGlobalSection
	GlobalSection(SolutionProperties) = preSolution
		HideSolutionNode = FALSE
	EndGlobalSection
EndGlobal
